
Microsoft Visual Studio Solution File, Format Version 12.00
# Visual Studio 15
VisualStudioVersion = 15.0.26823.1
MinimumVisualStudioVersion = 10.0.40219.1
Project("{888888A0-9F3D-457C-B088-3A5042F75D52}") = "GeoWebService", "GeoWebService.pyproj", "{1CEF5178-DD74-4F3D-94CA-8AED4DD7F2CA}"
EndProject
Global
	GlobalSection(SolutionConfigurationPlatforms) = preSolution
		Debug|Any CPU = Debug|Any CPU
		Release|Any CPU = Release|Any CPU
	EndGlobalSection
	GlobalSection(ProjectConfigurationPlatforms) = postSolution
		{1CEF5178-DD74-4F3D-94CA-8AED4DD7F2CA}.Debug|Any CPU.ActiveCfg = Debug|Any CPU
		{1CEF5178-DD74-4F3D-94CA-8AED4DD7F2CA}.Debug|Any CPU.Build.0 = Debug|Any CPU
		{1CEF5178-DD74-4F3D-94CA-8AED4DD7F2CA}.Release|Any CPU.ActiveCfg = Release|Any CPU
		{1CEF5178-DD74-4F3D-94CA-8AED4DD7F2CA}.Release|Any CPU.Build.0 = Release|Any CPU
	EndGlobalSection
	GlobalSection(SolutionProperties) = preSolution
		HideSolutionNode = FALSE
	EndGlobalSection
	GlobalSection(ExtensibilityGlobals) = postSolution
		SolutionGuid = {4D03A7EB-2841-406D-8BA5-FEA11C335F92}
	EndGlobalSection
EndGlobal
